// !$*UTF8*$!
{
	archiveVersion = 1;
	classes = {
	};
	objectVersion = 56;
	objects = {

/* Begin PBXBuildFile section */
		111D4C7A2C915D1C00561D0D /* Line.swift in Sources */ = {isa = PBXBuildFile; fileRef = 111D4C792C915D1C00561D0D /* Line.swift */; };
		111D4C7C2C915D4200561D0D /* HandOverlay.swift in Sources */ = {isa = PBXBuildFile; fileRef = 111D4C7B2C915D4200561D0D /* HandOverlay.swift */; };
		1128EB412C939D2600D632FC /* AssetPath.swift in Sources */ = {isa = PBXBuildFile; fileRef = 1128EB402C939D2600D632FC /* AssetPath.swift */; };
		11593C352C8F08C0009AE8F7 /* AppDelegate.swift in Sources */ = {isa = PBXBuildFile; fileRef = 11593C342C8F08C0009AE8F7 /* AppDelegate.swift */; };
		11593C372C8F08C0009AE8F7 /* SceneDelegate.swift in Sources */ = {isa = PBXBuildFile; fileRef = 11593C362C8F08C0009AE8F7 /* SceneDelegate.swift */; };
		11593C392C8F08C0009AE8F7 /* HomeViewController.swift in Sources */ = {isa = PBXBuildFile; fileRef = 11593C382C8F08C0009AE8F7 /* HomeViewController.swift */; };
		11593C3E2C8F08C1009AE8F7 /* Assets.xcassets in Resources */ = {isa = PBXBuildFile; fileRef = 11593C3D2C8F08C1009AE8F7 /* Assets.xcassets */; };
		11593C412C8F08C1009AE8F7 /* Base in Resources */ = {isa = PBXBuildFile; fileRef = 11593C402C8F08C1009AE8F7 /* Base */; };
		11593C492C8F2B21009AE8F7 /* CameraFeedService.swift in Sources */ = {isa = PBXBuildFile; fileRef = 11593C482C8F2B21009AE8F7 /* CameraFeedService.swift */; };
		11593C4B2C8F2E62009AE8F7 /* HandLandmarkerService.swift in Sources */ = {isa = PBXBuildFile; fileRef = 11593C4A2C8F2E62009AE8F7 /* HandLandmarkerService.swift */; };
		11593C4D2C8F32EC009AE8F7 /* SLRGTKCameraView.swift in Sources */ = {isa = PBXBuildFile; fileRef = 11593C4C2C8F32EC009AE8F7 /* SLRGTKCameraView.swift */; };
		11593C4F2C901089009AE8F7 /* OverlayView.swift in Sources */ = {isa = PBXBuildFile; fileRef = 11593C4E2C901089009AE8F7 /* OverlayView.swift */; };
		11A525842C91747E0041FEC4 /* AVVideoLayerGravity+Extensions.swift in Sources */ = {isa = PBXBuildFile; fileRef = 11A525832C91747E0041FEC4 /* AVVideoLayerGravity+Extensions.swift */; };
		11A525862C91775F0041FEC4 /* hand_landmarker.task in Resources */ = {isa = PBXBuildFile; fileRef = 11A525852C91775F0041FEC4 /* hand_landmarker.task */; };
		11A525882C928C0B0041FEC4 /* Buffer.swift in Sources */ = {isa = PBXBuildFile; fileRef = 11A525872C928C0B0041FEC4 /* Buffer.swift */; };
		11A5258A2C928F320041FEC4 /* UIImage.Orientation+Extensions.swift in Sources */ = {isa = PBXBuildFile; fileRef = 11A525892C928F320041FEC4 /* UIImage.Orientation+Extensions.swift */; };
		11A5258C2C9295BF0041FEC4 /* SignInferenceService.swift in Sources */ = {isa = PBXBuildFile; fileRef = 11A5258B2C9295BF0041FEC4 /* SignInferenceService.swift */; };
		11A5258F2C92AC3F0041FEC4 /* model_2.tflite in Resources */ = {isa = PBXBuildFile; fileRef = 11A5258D2C92AC3F0041FEC4 /* model_2.tflite */; };
		11A525902C92AC3F0041FEC4 /* signsList.txt in Resources */ = {isa = PBXBuildFile; fileRef = 11A5258E2C92AC3F0041FEC4 /* signsList.txt */; };
		11BB61AB2C92CB170031AA35 /* HandLandmarkerProcessor.swift in Sources */ = {isa = PBXBuildFile; fileRef = 11BB61AA2C92CB170031AA35 /* HandLandmarkerProcessor.swift */; };
		11BB61AD2C92CB400031AA35 /* HandLandmarkerResultBundle.swift in Sources */ = {isa = PBXBuildFile; fileRef = 11BB61AC2C92CB400031AA35 /* HandLandmarkerResultBundle.swift */; };
		11BB61B02C92CE7F0031AA35 /* SignInferenceResult.swift in Sources */ = {isa = PBXBuildFile; fileRef = 11BB61AF2C92CE7F0031AA35 /* SignInferenceResult.swift */; };
		11BB61B42C92D36F0031AA35 /* Settings.swift in Sources */ = {isa = PBXBuildFile; fileRef = 11BB61B32C92D36F0031AA35 /* Settings.swift */; };
		11BB61B62C92D9CD0031AA35 /* SLRGTKError.swift in Sources */ = {isa = PBXBuildFile; fileRef = 11BB61B52C92D9CD0031AA35 /* SLRGTKError.swift */; };
		11BB61B92C92EAAC0031AA35 /* UIView+Fade.swift in Sources */ = {isa = PBXBuildFile; fileRef = 11BB61B82C92EAAC0031AA35 /* UIView+Fade.swift */; };
		324D613A5B37A5189A3B1536 /* Pods_iOS_ToolKit.framework in Frameworks */ = {isa = PBXBuildFile; fileRef = 06017B99686EAB03C43453F5 /* Pods_iOS_ToolKit.framework */; };
		F10A8D422CAD028C00463D5F /* BoggleHomeViewController.swift in Sources */ = {isa = PBXBuildFile; fileRef = F10A8D412CAD028C00463D5F /* BoggleHomeViewController.swift */; };
/* End PBXBuildFile section */

/* Begin PBXFileReference section */
		06017B99686EAB03C43453F5 /* Pods_iOS_ToolKit.framework */ = {isa = PBXFileReference; explicitFileType = wrapper.framework; includeInIndex = 0; path = Pods_iOS_ToolKit.framework; sourceTree = BUILT_PRODUCTS_DIR; };
		08DDF93D548F041A7EC4225B /* Pods-iOS-ToolKit.debug.xcconfig */ = {isa = PBXFileReference; includeInIndex = 1; lastKnownFileType = text.xcconfig; name = "Pods-iOS-ToolKit.debug.xcconfig"; path = "Target Support Files/Pods-iOS-ToolKit/Pods-iOS-ToolKit.debug.xcconfig"; sourceTree = "<group>"; };
		111D4C792C915D1C00561D0D /* Line.swift */ = {isa = PBXFileReference; lastKnownFileType = sourcecode.swift; path = Line.swift; sourceTree = "<group>"; };
		111D4C7B2C915D4200561D0D /* HandOverlay.swift */ = {isa = PBXFileReference; lastKnownFileType = sourcecode.swift; path = HandOverlay.swift; sourceTree = "<group>"; };
		1128EB402C939D2600D632FC /* AssetPath.swift */ = {isa = PBXFileReference; lastKnownFileType = sourcecode.swift; path = AssetPath.swift; sourceTree = "<group>"; };
		11593C312C8F08C0009AE8F7 /* iOS-ToolKit.app */ = {isa = PBXFileReference; explicitFileType = wrapper.application; includeInIndex = 0; path = "iOS-ToolKit.app"; sourceTree = BUILT_PRODUCTS_DIR; };
		11593C342C8F08C0009AE8F7 /* AppDelegate.swift */ = {isa = PBXFileReference; lastKnownFileType = sourcecode.swift; path = AppDelegate.swift; sourceTree = "<group>"; };
		11593C362C8F08C0009AE8F7 /* SceneDelegate.swift */ = {isa = PBXFileReference; lastKnownFileType = sourcecode.swift; path = SceneDelegate.swift; sourceTree = "<group>"; };
		11593C382C8F08C0009AE8F7 /* HomeViewController.swift */ = {isa = PBXFileReference; lastKnownFileType = sourcecode.swift; path = HomeViewController.swift; sourceTree = "<group>"; };
		11593C3D2C8F08C1009AE8F7 /* Assets.xcassets */ = {isa = PBXFileReference; lastKnownFileType = folder.assetcatalog; path = Assets.xcassets; sourceTree = "<group>"; };
		11593C402C8F08C1009AE8F7 /* Base */ = {isa = PBXFileReference; lastKnownFileType = file.storyboard; name = Base; path = Base.lproj/LaunchScreen.storyboard; sourceTree = "<group>"; };
		11593C422C8F08C1009AE8F7 /* Info.plist */ = {isa = PBXFileReference; lastKnownFileType = text.plist.xml; path = Info.plist; sourceTree = "<group>"; };
		11593C482C8F2B21009AE8F7 /* CameraFeedService.swift */ = {isa = PBXFileReference; lastKnownFileType = sourcecode.swift; path = CameraFeedService.swift; sourceTree = "<group>"; };
		11593C4A2C8F2E62009AE8F7 /* HandLandmarkerService.swift */ = {isa = PBXFileReference; lastKnownFileType = sourcecode.swift; path = HandLandmarkerService.swift; sourceTree = "<group>"; };
		11593C4C2C8F32EC009AE8F7 /* SLRGTKCameraView.swift */ = {isa = PBXFileReference; lastKnownFileType = sourcecode.swift; path = SLRGTKCameraView.swift; sourceTree = "<group>"; };
		11593C4E2C901089009AE8F7 /* OverlayView.swift */ = {isa = PBXFileReference; lastKnownFileType = sourcecode.swift; path = OverlayView.swift; sourceTree = "<group>"; };
		11A525832C91747E0041FEC4 /* AVVideoLayerGravity+Extensions.swift */ = {isa = PBXFileReference; lastKnownFileType = sourcecode.swift; path = "AVVideoLayerGravity+Extensions.swift"; sourceTree = "<group>"; };
		11A525852C91775F0041FEC4 /* hand_landmarker.task */ = {isa = PBXFileReference; lastKnownFileType = file; path = hand_landmarker.task; sourceTree = "<group>"; };
		11A525872C928C0B0041FEC4 /* Buffer.swift */ = {isa = PBXFileReference; lastKnownFileType = sourcecode.swift; path = Buffer.swift; sourceTree = "<group>"; };
		11A525892C928F320041FEC4 /* UIImage.Orientation+Extensions.swift */ = {isa = PBXFileReference; lastKnownFileType = sourcecode.swift; path = "UIImage.Orientation+Extensions.swift"; sourceTree = "<group>"; };
		11A5258B2C9295BF0041FEC4 /* SignInferenceService.swift */ = {isa = PBXFileReference; lastKnownFileType = sourcecode.swift; path = SignInferenceService.swift; sourceTree = "<group>"; };
		11A5258D2C92AC3F0041FEC4 /* model_2.tflite */ = {isa = PBXFileReference; lastKnownFileType = file; path = model_2.tflite; sourceTree = "<group>"; };
		11A5258E2C92AC3F0041FEC4 /* signsList.txt */ = {isa = PBXFileReference; fileEncoding = 4; lastKnownFileType = text; path = signsList.txt; sourceTree = "<group>"; };
		11BB61AA2C92CB170031AA35 /* HandLandmarkerProcessor.swift */ = {isa = PBXFileReference; lastKnownFileType = sourcecode.swift; path = HandLandmarkerProcessor.swift; sourceTree = "<group>"; };
		11BB61AC2C92CB400031AA35 /* HandLandmarkerResultBundle.swift */ = {isa = PBXFileReference; lastKnownFileType = sourcecode.swift; path = HandLandmarkerResultBundle.swift; sourceTree = "<group>"; };
		11BB61AF2C92CE7F0031AA35 /* SignInferenceResult.swift */ = {isa = PBXFileReference; lastKnownFileType = sourcecode.swift; path = SignInferenceResult.swift; sourceTree = "<group>"; };
		11BB61B32C92D36F0031AA35 /* Settings.swift */ = {isa = PBXFileReference; lastKnownFileType = sourcecode.swift; path = Settings.swift; sourceTree = "<group>"; };
		11BB61B52C92D9CD0031AA35 /* SLRGTKError.swift */ = {isa = PBXFileReference; lastKnownFileType = sourcecode.swift; path = SLRGTKError.swift; sourceTree = "<group>"; };
		11BB61B82C92EAAC0031AA35 /* UIView+Fade.swift */ = {isa = PBXFileReference; lastKnownFileType = sourcecode.swift; path = "UIView+Fade.swift"; sourceTree = "<group>"; };
		13BE0029E97CA7F910741B40 /* Pods-iOS-ToolKit.release.xcconfig */ = {isa = PBXFileReference; includeInIndex = 1; lastKnownFileType = text.xcconfig; name = "Pods-iOS-ToolKit.release.xcconfig"; path = "Target Support Files/Pods-iOS-ToolKit/Pods-iOS-ToolKit.release.xcconfig"; sourceTree = "<group>"; };
		F10A8D412CAD028C00463D5F /* BoggleHomeViewController.swift */ = {isa = PBXFileReference; lastKnownFileType = sourcecode.swift; path = BoggleHomeViewController.swift; sourceTree = "<group>"; };
/* End PBXFileReference section */

/* Begin PBXFrameworksBuildPhase section */
		11593C2E2C8F08C0009AE8F7 /* Frameworks */ = {
			isa = PBXFrameworksBuildPhase;
			buildActionMask = 2147483647;
			files = (
				324D613A5B37A5189A3B1536 /* Pods_iOS_ToolKit.framework in Frameworks */,
			);
			runOnlyForDeploymentPostprocessing = 0;
		};
/* End PBXFrameworksBuildPhase section */

/* Begin PBXGroup section */
		111D4C762C915CE700561D0D /* Core */ = {
			isa = PBXGroup;
			children = (
				11593C342C8F08C0009AE8F7 /* AppDelegate.swift */,
				11593C362C8F08C0009AE8F7 /* SceneDelegate.swift */,
			);
			path = Core;
			sourceTree = "<group>";
		};
		111D4C782C915D1500561D0D /* Overlay */ = {
			isa = PBXGroup;
			children = (
				111D4C792C915D1C00561D0D /* Line.swift */,
				111D4C7B2C915D4200561D0D /* HandOverlay.swift */,
				11593C4E2C901089009AE8F7 /* OverlayView.swift */,
			);
			path = Overlay;
			sourceTree = "<group>";
		};
		111D4C7D2C915D5900561D0D /* Utilities */ = {
			isa = PBXGroup;
			children = (
				1128EB402C939D2600D632FC /* AssetPath.swift */,
				11A525872C928C0B0041FEC4 /* Buffer.swift */,
				11BB61B32C92D36F0031AA35 /* Settings.swift */,
				11BB61B52C92D9CD0031AA35 /* SLRGTKError.swift */,
			);
			path = Utilities;
			sourceTree = "<group>";
		};
		11593C282C8F08C0009AE8F7 = {
			isa = PBXGroup;
			children = (
				11593C332C8F08C0009AE8F7 /* iOS-ToolKit */,
				11593C322C8F08C0009AE8F7 /* Products */,
				4BC58C82BDCBBE2ABB02CBC0 /* Pods */,
				A2642DC2BF28891E85F94120 /* Frameworks */,
			);
			sourceTree = "<group>";
		};
		11593C322C8F08C0009AE8F7 /* Products */ = {
			isa = PBXGroup;
			children = (
				11593C312C8F08C0009AE8F7 /* iOS-ToolKit.app */,
			);
			name = Products;
			sourceTree = "<group>";
		};
		11593C332C8F08C0009AE8F7 /* iOS-ToolKit */ = {
			isa = PBXGroup;
			children = (
				11BB61B22C92D1AC0031AA35 /* Camera */,
				11BB61B12C92CEF50031AA35 /* Extensions */,
				11BB61A92C92CAF60031AA35 /* HandLandmarker */,
				11BB61AE2C92CE560031AA35 /* SignInference */,
				111D4C7D2C915D5900561D0D /* Utilities */,
				111D4C762C915CE700561D0D /* Core */,
				11BB61B72C92EA8B0031AA35 /* Example */,
				11A5258D2C92AC3F0041FEC4 /* model_2.tflite */,
				11A5258E2C92AC3F0041FEC4 /* signsList.txt */,
				11A525852C91775F0041FEC4 /* hand_landmarker.task */,
				11593C3D2C8F08C1009AE8F7 /* Assets.xcassets */,
				11593C3F2C8F08C1009AE8F7 /* LaunchScreen.storyboard */,
				11593C422C8F08C1009AE8F7 /* Info.plist */,
			);
			path = "iOS-ToolKit";
			sourceTree = "<group>";
		};
		11BB61A92C92CAF60031AA35 /* HandLandmarker */ = {
			isa = PBXGroup;
			children = (
				111D4C782C915D1500561D0D /* Overlay */,
				11593C4A2C8F2E62009AE8F7 /* HandLandmarkerService.swift */,
				11BB61AA2C92CB170031AA35 /* HandLandmarkerProcessor.swift */,
				11BB61AC2C92CB400031AA35 /* HandLandmarkerResultBundle.swift */,
			);
			path = HandLandmarker;
			sourceTree = "<group>";
		};
		11BB61AE2C92CE560031AA35 /* SignInference */ = {
			isa = PBXGroup;
			children = (
				11A5258B2C9295BF0041FEC4 /* SignInferenceService.swift */,
				11BB61AF2C92CE7F0031AA35 /* SignInferenceResult.swift */,
			);
			path = SignInference;
			sourceTree = "<group>";
		};
		11BB61B12C92CEF50031AA35 /* Extensions */ = {
			isa = PBXGroup;
			children = (
				11A525832C91747E0041FEC4 /* AVVideoLayerGravity+Extensions.swift */,
				11A525892C928F320041FEC4 /* UIImage.Orientation+Extensions.swift */,
			);
			path = Extensions;
			sourceTree = "<group>";
		};
		11BB61B22C92D1AC0031AA35 /* Camera */ = {
			isa = PBXGroup;
			children = (
				11593C4C2C8F32EC009AE8F7 /* SLRGTKCameraView.swift */,
				11593C482C8F2B21009AE8F7 /* CameraFeedService.swift */,
			);
			path = Camera;
			sourceTree = "<group>";
		};
		11BB61B72C92EA8B0031AA35 /* Example */ = {
			isa = PBXGroup;
			children = (
				11593C382C8F08C0009AE8F7 /* HomeViewController.swift */,
				11BB61B82C92EAAC0031AA35 /* UIView+Fade.swift */,
				F10A8D412CAD028C00463D5F /* BoggleHomeViewController.swift */,
			);
			path = Example;
			sourceTree = "<group>";
		};
		4BC58C82BDCBBE2ABB02CBC0 /* Pods */ = {
			isa = PBXGroup;
			children = (
				08DDF93D548F041A7EC4225B /* Pods-iOS-ToolKit.debug.xcconfig */,
				13BE0029E97CA7F910741B40 /* Pods-iOS-ToolKit.release.xcconfig */,
			);
			path = Pods;
			sourceTree = "<group>";
		};
		A2642DC2BF28891E85F94120 /* Frameworks */ = {
			isa = PBXGroup;
			children = (
				06017B99686EAB03C43453F5 /* Pods_iOS_ToolKit.framework */,
			);
			name = Frameworks;
			sourceTree = "<group>";
		};
/* End PBXGroup section */

/* Begin PBXNativeTarget section */
		11593C302C8F08C0009AE8F7 /* iOS-ToolKit */ = {
			isa = PBXNativeTarget;
			buildConfigurationList = 11593C452C8F08C1009AE8F7 /* Build configuration list for PBXNativeTarget "iOS-ToolKit" */;
			buildPhases = (
				1BFD09E41B0AF4049D5CDD40 /* [CP] Check Pods Manifest.lock */,
				11593C2D2C8F08C0009AE8F7 /* Sources */,
				11593C2E2C8F08C0009AE8F7 /* Frameworks */,
				11593C2F2C8F08C0009AE8F7 /* Resources */,
				F28CAA2C6F4E5AD1EC4B861E /* [CP] Copy Pods Resources */,
			);
			buildRules = (
			);
			dependencies = (
			);
			name = "iOS-ToolKit";
			productName = "iOS-ToolKit";
			productReference = 11593C312C8F08C0009AE8F7 /* iOS-ToolKit.app */;
			productType = "com.apple.product-type.application";
		};
/* End PBXNativeTarget section */

/* Begin PBXProject section */
		11593C292C8F08C0009AE8F7 /* Project object */ = {
			isa = PBXProject;
			attributes = {
				BuildIndependentTargetsInParallel = 1;
				LastSwiftUpdateCheck = 1540;
				LastUpgradeCheck = 1540;
				TargetAttributes = {
					11593C302C8F08C0009AE8F7 = {
						CreatedOnToolsVersion = 15.4;
					};
				};
			};
			buildConfigurationList = 11593C2C2C8F08C0009AE8F7 /* Build configuration list for PBXProject "iOS-ToolKit" */;
			compatibilityVersion = "Xcode 14.0";
			developmentRegion = en;
			hasScannedForEncodings = 0;
			knownRegions = (
				en,
				Base,
			);
			mainGroup = 11593C282C8F08C0009AE8F7;
			productRefGroup = 11593C322C8F08C0009AE8F7 /* Products */;
			projectDirPath = "";
			projectRoot = "";
			targets = (
				11593C302C8F08C0009AE8F7 /* iOS-ToolKit */,
			);
		};
/* End PBXProject section */

/* Begin PBXResourcesBuildPhase section */
		11593C2F2C8F08C0009AE8F7 /* Resources */ = {
			isa = PBXResourcesBuildPhase;
			buildActionMask = 2147483647;
			files = (
				11A525862C91775F0041FEC4 /* hand_landmarker.task in Resources */,
				11A525902C92AC3F0041FEC4 /* signsList.txt in Resources */,
				11593C3E2C8F08C1009AE8F7 /* Assets.xcassets in Resources */,
				11A5258F2C92AC3F0041FEC4 /* model_2.tflite in Resources */,
				11593C412C8F08C1009AE8F7 /* Base in Resources */,
			);
			runOnlyForDeploymentPostprocessing = 0;
		};
/* End PBXResourcesBuildPhase section */

/* Begin PBXShellScriptBuildPhase section */
		1BFD09E41B0AF4049D5CDD40 /* [CP] Check Pods Manifest.lock */ = {
			isa = PBXShellScriptBuildPhase;
			buildActionMask = 2147483647;
			files = (
			);
			inputFileListPaths = (
			);
			inputPaths = (
				"${PODS_PODFILE_DIR_PATH}/Podfile.lock",
				"${PODS_ROOT}/Manifest.lock",
			);
			name = "[CP] Check Pods Manifest.lock";
			outputFileListPaths = (
			);
			outputPaths = (
				"$(DERIVED_FILE_DIR)/Pods-iOS-ToolKit-checkManifestLockResult.txt",
			);
			runOnlyForDeploymentPostprocessing = 0;
			shellPath = /bin/sh;
			shellScript = "diff \"${PODS_PODFILE_DIR_PATH}/Podfile.lock\" \"${PODS_ROOT}/Manifest.lock\" > /dev/null\nif [ $? != 0 ] ; then\n    # print error to STDERR\n    echo \"error: The sandbox is not in sync with the Podfile.lock. Run 'pod install' or update your CocoaPods installation.\" >&2\n    exit 1\nfi\n# This output is used by Xcode 'outputs' to avoid re-running this script phase.\necho \"SUCCESS\" > \"${SCRIPT_OUTPUT_FILE_0}\"\n";
			showEnvVarsInLog = 0;
		};
		F28CAA2C6F4E5AD1EC4B861E /* [CP] Copy Pods Resources */ = {
			isa = PBXShellScriptBuildPhase;
			buildActionMask = 2147483647;
			files = (
			);
			inputFileListPaths = (
				"${PODS_ROOT}/Target Support Files/Pods-iOS-ToolKit/Pods-iOS-ToolKit-resources-${CONFIGURATION}-input-files.xcfilelist",
			);
			name = "[CP] Copy Pods Resources";
			outputFileListPaths = (
				"${PODS_ROOT}/Target Support Files/Pods-iOS-ToolKit/Pods-iOS-ToolKit-resources-${CONFIGURATION}-output-files.xcfilelist",
			);
			runOnlyForDeploymentPostprocessing = 0;
			shellPath = /bin/sh;
			shellScript = "\"${PODS_ROOT}/Target Support Files/Pods-iOS-ToolKit/Pods-iOS-ToolKit-resources.sh\"\n";
			showEnvVarsInLog = 0;
		};
/* End PBXShellScriptBuildPhase section */

/* Begin PBXSourcesBuildPhase section */
		11593C2D2C8F08C0009AE8F7 /* Sources */ = {
			isa = PBXSourcesBuildPhase;
			buildActionMask = 2147483647;
			files = (
				11593C4F2C901089009AE8F7 /* OverlayView.swift in Sources */,
				11A5258C2C9295BF0041FEC4 /* SignInferenceService.swift in Sources */,
				11BB61B92C92EAAC0031AA35 /* UIView+Fade.swift in Sources */,
				11BB61AB2C92CB170031AA35 /* HandLandmarkerProcessor.swift in Sources */,
				11593C492C8F2B21009AE8F7 /* CameraFeedService.swift in Sources */,
				11A5258A2C928F320041FEC4 /* UIImage.Orientation+Extensions.swift in Sources */,
				11BB61AD2C92CB400031AA35 /* HandLandmarkerResultBundle.swift in Sources */,
				11593C392C8F08C0009AE8F7 /* HomeViewController.swift in Sources */,
				111D4C7C2C915D4200561D0D /* HandOverlay.swift in Sources */,
				11A525882C928C0B0041FEC4 /* Buffer.swift in Sources */,
				11593C352C8F08C0009AE8F7 /* AppDelegate.swift in Sources */,
				11BB61B02C92CE7F0031AA35 /* SignInferenceResult.swift in Sources */,
				11593C4D2C8F32EC009AE8F7 /* SLRGTKCameraView.swift in Sources */,
				111D4C7A2C915D1C00561D0D /* Line.swift in Sources */,
				11A525842C91747E0041FEC4 /* AVVideoLayerGravity+Extensions.swift in Sources */,
				11593C372C8F08C0009AE8F7 /* SceneDelegate.swift in Sources */,
				F10A8D422CAD028C00463D5F /* BoggleHomeViewController.swift in Sources */,
				11593C4B2C8F2E62009AE8F7 /* HandLandmarkerService.swift in Sources */,
				11BB61B42C92D36F0031AA35 /* Settings.swift in Sources */,
				11BB61B62C92D9CD0031AA35 /* SLRGTKError.swift in Sources */,
				1128EB412C939D2600D632FC /* AssetPath.swift in Sources */,
			);
			runOnlyForDeploymentPostprocessing = 0;
		};
/* End PBXSourcesBuildPhase section */

/* Begin PBXVariantGroup section */
		11593C3F2C8F08C1009AE8F7 /* LaunchScreen.storyboard */ = {
			isa = PBXVariantGroup;
			children = (
				11593C402C8F08C1009AE8F7 /* Base */,
			);
			name = LaunchScreen.storyboard;
			sourceTree = "<group>";
		};
/* End PBXVariantGroup section */

/* Begin XCBuildConfiguration section */
		11593C432C8F08C1009AE8F7 /* Debug */ = {
			isa = XCBuildConfiguration;
			buildSettings = {
				ALWAYS_SEARCH_USER_PATHS = NO;
				ASSETCATALOG_COMPILER_GENERATE_SWIFT_ASSET_SYMBOL_EXTENSIONS = YES;
				CLANG_ANALYZER_NONNULL = YES;
				CLANG_ANALYZER_NUMBER_OBJECT_CONVERSION = YES_AGGRESSIVE;
				CLANG_CXX_LANGUAGE_STANDARD = "gnu++20";
				CLANG_ENABLE_MODULES = YES;
				CLANG_ENABLE_OBJC_ARC = YES;
				CLANG_ENABLE_OBJC_WEAK = YES;
				CLANG_WARN_BLOCK_CAPTURE_AUTORELEASING = YES;
				CLANG_WARN_BOOL_CONVERSION = YES;
				CLANG_WARN_COMMA = YES;
				CLANG_WARN_CONSTANT_CONVERSION = YES;
				CLANG_WARN_DEPRECATED_OBJC_IMPLEMENTATIONS = YES;
				CLANG_WARN_DIRECT_OBJC_ISA_USAGE = YES_ERROR;
				CLANG_WARN_DOCUMENTATION_COMMENTS = YES;
				CLANG_WARN_EMPTY_BODY = YES;
				CLANG_WARN_ENUM_CONVERSION = YES;
				CLANG_WARN_INFINITE_RECURSION = YES;
				CLANG_WARN_INT_CONVERSION = YES;
				CLANG_WARN_NON_LITERAL_NULL_CONVERSION = YES;
				CLANG_WARN_OBJC_IMPLICIT_RETAIN_SELF = YES;
				CLANG_WARN_OBJC_LITERAL_CONVERSION = YES;
				CLANG_WARN_OBJC_ROOT_CLASS = YES_ERROR;
				CLANG_WARN_QUOTED_INCLUDE_IN_FRAMEWORK_HEADER = YES;
				CLANG_WARN_RANGE_LOOP_ANALYSIS = YES;
				CLANG_WARN_STRICT_PROTOTYPES = YES;
				CLANG_WARN_SUSPICIOUS_MOVE = YES;
				CLANG_WARN_UNGUARDED_AVAILABILITY = YES_AGGRESSIVE;
				CLANG_WARN_UNREACHABLE_CODE = YES;
				CLANG_WARN__DUPLICATE_METHOD_MATCH = YES;
				COPY_PHASE_STRIP = NO;
				DEBUG_INFORMATION_FORMAT = dwarf;
				ENABLE_STRICT_OBJC_MSGSEND = YES;
				ENABLE_TESTABILITY = YES;
				ENABLE_USER_SCRIPT_SANDBOXING = YES;
				GCC_C_LANGUAGE_STANDARD = gnu17;
				GCC_DYNAMIC_NO_PIC = NO;
				GCC_NO_COMMON_BLOCKS = YES;
				GCC_OPTIMIZATION_LEVEL = 0;
				GCC_PREPROCESSOR_DEFINITIONS = (
					"DEBUG=1",
					"$(inherited)",
				);
				GCC_WARN_64_TO_32_BIT_CONVERSION = YES;
				GCC_WARN_ABOUT_RETURN_TYPE = YES_ERROR;
				GCC_WARN_UNDECLARED_SELECTOR = YES;
				GCC_WARN_UNINITIALIZED_AUTOS = YES_AGGRESSIVE;
				GCC_WARN_UNUSED_FUNCTION = YES;
				GCC_WARN_UNUSED_VARIABLE = YES;
				IPHONEOS_DEPLOYMENT_TARGET = 15.0;
				LOCALIZATION_PREFERS_STRING_CATALOGS = YES;
				MTL_ENABLE_DEBUG_INFO = INCLUDE_SOURCE;
				MTL_FAST_MATH = YES;
				ONLY_ACTIVE_ARCH = YES;
				SDKROOT = iphoneos;
				SWIFT_ACTIVE_COMPILATION_CONDITIONS = "DEBUG $(inherited)";
				SWIFT_OPTIMIZATION_LEVEL = "-Onone";
			};
			name = Debug;
		};
		11593C442C8F08C1009AE8F7 /* Release */ = {
			isa = XCBuildConfiguration;
			buildSettings = {
				ALWAYS_SEARCH_USER_PATHS = NO;
				ASSETCATALOG_COMPILER_GENERATE_SWIFT_ASSET_SYMBOL_EXTENSIONS = YES;
				CLANG_ANALYZER_NONNULL = YES;
				CLANG_ANALYZER_NUMBER_OBJECT_CONVERSION = YES_AGGRESSIVE;
				CLANG_CXX_LANGUAGE_STANDARD = "gnu++20";
				CLANG_ENABLE_MODULES = YES;
				CLANG_ENABLE_OBJC_ARC = YES;
				CLANG_ENABLE_OBJC_WEAK = YES;
				CLANG_WARN_BLOCK_CAPTURE_AUTORELEASING = YES;
				CLANG_WARN_BOOL_CONVERSION = YES;
				CLANG_WARN_COMMA = YES;
				CLANG_WARN_CONSTANT_CONVERSION = YES;
				CLANG_WARN_DEPRECATED_OBJC_IMPLEMENTATIONS = YES;
				CLANG_WARN_DIRECT_OBJC_ISA_USAGE = YES_ERROR;
				CLANG_WARN_DOCUMENTATION_COMMENTS = YES;
				CLANG_WARN_EMPTY_BODY = YES;
				CLANG_WARN_ENUM_CONVERSION = YES;
				CLANG_WARN_INFINITE_RECURSION = YES;
				CLANG_WARN_INT_CONVERSION = YES;
				CLANG_WARN_NON_LITERAL_NULL_CONVERSION = YES;
				CLANG_WARN_OBJC_IMPLICIT_RETAIN_SELF = YES;
				CLANG_WARN_OBJC_LITERAL_CONVERSION = YES;
				CLANG_WARN_OBJC_ROOT_CLASS = YES_ERROR;
				CLANG_WARN_QUOTED_INCLUDE_IN_FRAMEWORK_HEADER = YES;
				CLANG_WARN_RANGE_LOOP_ANALYSIS = YES;
				CLANG_WARN_STRICT_PROTOTYPES = YES;
				CLANG_WARN_SUSPICIOUS_MOVE = YES;
				CLANG_WARN_UNGUARDED_AVAILABILITY = YES_AGGRESSIVE;
				CLANG_WARN_UNREACHABLE_CODE = YES;
				CLANG_WARN__DUPLICATE_METHOD_MATCH = YES;
				COPY_PHASE_STRIP = NO;
				DEBUG_INFORMATION_FORMAT = "dwarf-with-dsym";
				ENABLE_NS_ASSERTIONS = NO;
				ENABLE_STRICT_OBJC_MSGSEND = YES;
				ENABLE_USER_SCRIPT_SANDBOXING = YES;
				GCC_C_LANGUAGE_STANDARD = gnu17;
				GCC_NO_COMMON_BLOCKS = YES;
				GCC_WARN_64_TO_32_BIT_CONVERSION = YES;
				GCC_WARN_ABOUT_RETURN_TYPE = YES_ERROR;
				GCC_WARN_UNDECLARED_SELECTOR = YES;
				GCC_WARN_UNINITIALIZED_AUTOS = YES_AGGRESSIVE;
				GCC_WARN_UNUSED_FUNCTION = YES;
				GCC_WARN_UNUSED_VARIABLE = YES;
				IPHONEOS_DEPLOYMENT_TARGET = 15.0;
				LOCALIZATION_PREFERS_STRING_CATALOGS = YES;
				MTL_ENABLE_DEBUG_INFO = NO;
				MTL_FAST_MATH = YES;
				SDKROOT = iphoneos;
				SWIFT_COMPILATION_MODE = wholemodule;
				VALIDATE_PRODUCT = YES;
			};
			name = Release;
		};
		11593C462C8F08C1009AE8F7 /* Debug */ = {
			isa = XCBuildConfiguration;
			baseConfigurationReference = 08DDF93D548F041A7EC4225B /* Pods-iOS-ToolKit.debug.xcconfig */;
			buildSettings = {
				ASSETCATALOG_COMPILER_APPICON_NAME = AppIcon;
				ASSETCATALOG_COMPILER_GLOBAL_ACCENT_COLOR_NAME = AccentColor;
				CODE_SIGN_STYLE = Automatic;
				CURRENT_PROJECT_VERSION = 1;
				DEVELOPMENT_TEAM = 77549VDUB5;
				ENABLE_USER_SCRIPT_SANDBOXING = NO;
				GENERATE_INFOPLIST_FILE = YES;
				INFOPLIST_FILE = "iOS-ToolKit/Info.plist";
				INFOPLIST_KEY_NSCameraUsageDescription = "Need Camera";
				INFOPLIST_KEY_UIApplicationSupportsIndirectInputEvents = YES;
				INFOPLIST_KEY_UILaunchStoryboardName = LaunchScreen;
				INFOPLIST_KEY_UISupportedInterfaceOrientations_iPad = "UIInterfaceOrientationPortrait UIInterfaceOrientationPortraitUpsideDown UIInterfaceOrientationLandscapeLeft UIInterfaceOrientationLandscapeRight";
				INFOPLIST_KEY_UISupportedInterfaceOrientations_iPhone = "UIInterfaceOrientationPortrait UIInterfaceOrientationLandscapeLeft UIInterfaceOrientationLandscapeRight";
				IPHONEOS_DEPLOYMENT_TARGET = 15.0;
				LD_RUNPATH_SEARCH_PATHS = (
					"$(inherited)",
					"@executable_path/Frameworks",
				);
				MARKETING_VERSION = 1.0;
				PRODUCT_BUNDLE_IDENTIFIER = "com.ccg.iOS-ToolKit2";
				PRODUCT_NAME = "$(TARGET_NAME)";
				SWIFT_EMIT_LOC_STRINGS = YES;
				SWIFT_VERSION = 5.0;
				TARGETED_DEVICE_FAMILY = "1,2";
			};
			name = Debug;
		};
		11593C472C8F08C1009AE8F7 /* Release */ = {
			isa = XCBuildConfiguration;
			baseConfigurationReference = 13BE0029E97CA7F910741B40 /* Pods-iOS-ToolKit.release.xcconfig */;
			buildSettings = {
				ASSETCATALOG_COMPILER_APPICON_NAME = AppIcon;
				ASSETCATALOG_COMPILER_GLOBAL_ACCENT_COLOR_NAME = AccentColor;
				CODE_SIGN_STYLE = Automatic;
				CURRENT_PROJECT_VERSION = 1;
				DEVELOPMENT_TEAM = 77549VDUB5;
				ENABLE_USER_SCRIPT_SANDBOXING = NO;
				GENERATE_INFOPLIST_FILE = YES;
				INFOPLIST_FILE = "iOS-ToolKit/Info.plist";
				INFOPLIST_KEY_NSCameraUsageDescription = "Need Camera";
				INFOPLIST_KEY_UIApplicationSupportsIndirectInputEvents = YES;
				INFOPLIST_KEY_UILaunchStoryboardName = LaunchScreen;
				INFOPLIST_KEY_UISupportedInterfaceOrientations_iPad = "UIInterfaceOrientationPortrait UIInterfaceOrientationPortraitUpsideDown UIInterfaceOrientationLandscapeLeft UIInterfaceOrientationLandscapeRight";
				INFOPLIST_KEY_UISupportedInterfaceOrientations_iPhone = "UIInterfaceOrientationPortrait UIInterfaceOrientationLandscapeLeft UIInterfaceOrientationLandscapeRight";
				IPHONEOS_DEPLOYMENT_TARGET = 15.0;
				LD_RUNPATH_SEARCH_PATHS = (
					"$(inherited)",
					"@executable_path/Frameworks",
				);
				MARKETING_VERSION = 1.0;
				PRODUCT_BUNDLE_IDENTIFIER = "com.ccg.iOS-ToolKit2";
				PRODUCT_NAME = "$(TARGET_NAME)";
				SWIFT_EMIT_LOC_STRINGS = YES;
				SWIFT_VERSION = 5.0;
				TARGETED_DEVICE_FAMILY = "1,2";
			};
			name = Release;
		};
/* End XCBuildConfiguration section */

/* Begin XCConfigurationList section */
		11593C2C2C8F08C0009AE8F7 /* Build configuration list for PBXProject "iOS-ToolKit" */ = {
			isa = XCConfigurationList;
			buildConfigurations = (
				11593C432C8F08C1009AE8F7 /* Debug */,
				11593C442C8F08C1009AE8F7 /* Release */,
			);
			defaultConfigurationIsVisible = 0;
			defaultConfigurationName = Release;
		};
		11593C452C8F08C1009AE8F7 /* Build configuration list for PBXNativeTarget "iOS-ToolKit" */ = {
			isa = XCConfigurationList;
			buildConfigurations = (
				11593C462C8F08C1009AE8F7 /* Debug */,
				11593C472C8F08C1009AE8F7 /* Release */,
			);
			defaultConfigurationIsVisible = 0;
			defaultConfigurationName = Release;
		};
/* End XCConfigurationList section */
	};
	rootObject = 11593C292C8F08C0009AE8F7 /* Project object */;
}
